
Microsoft Visual Studio Solution File, Format Version 12.00
# Visual Studio Version 17
VisualStudioVersion = 17.2.32630.192
MinimumVisualStudioVersion = 10.0.40219.1
Project("{FAE04EC0-301F-11D3-BF4B-00C04F79EFBC}") = "CTS", "CTS\CTS.csproj", "{C199947E-1CB2-453E-885B-37C1D144AB5B}"
EndProject
Global
	GlobalSection(SolutionConfigurationPlatforms) = preSolution
		Debug|Any CPU = Debug|Any CPU
		Release|Any CPU = Release|Any CPU
	EndGlobalSection
	GlobalSection(ProjectConfigurationPlatforms) = postSolution
		{C199947E-1CB2-453E-885B-37C1D144AB5B}.Debug|Any CPU.ActiveCfg = Debug|Any CPU
		{C199947E-1CB2-453E-885B-37C1D144AB5B}.Debug|Any CPU.Build.0 = Debug|Any CPU
		{C199947E-1CB2-453E-885B-37C1D144AB5B}.Release|Any CPU.ActiveCfg = Release|Any CPU
		{C199947E-1CB2-453E-885B-37C1D144AB5B}.Release|Any CPU.Build.0 = Release|Any CPU
	EndGlobalSection
	GlobalSection(SolutionProperties) = preSolution
		HideSolutionNode = FALSE
	EndGlobalSection
	GlobalSection(ExtensibilityGlobals) = postSolution
		SolutionGuid = {C3B59092-6CE6-4108-88BB-C54A09723FD4}
	EndGlobalSection
EndGlobal
