
Microsoft Visual Studio Solution File, Format Version 12.00
# Visual Studio Version 17
VisualStudioVersion = 17.2.32630.192
MinimumVisualStudioVersion = 10.0.40219.1
Project("{FAE04EC0-301F-11D3-BF4B-00C04F79EFBC}") = "FloatingPoint", "FloatingPoint\FloatingPoint.csproj", "{4C30FAA0-8468-4860-82C2-FD317A5122BD}"
EndProject
Global
	GlobalSection(SolutionConfigurationPlatforms) = preSolution
		Debug|Any CPU = Debug|Any CPU
		Release|Any CPU = Release|Any CPU
	EndGlobalSection
	GlobalSection(ProjectConfigurationPlatforms) = postSolution
		{4C30FAA0-8468-4860-82C2-FD317A5122BD}.Debug|Any CPU.ActiveCfg = Debug|Any CPU
		{4C30FAA0-8468-4860-82C2-FD317A5122BD}.Debug|Any CPU.Build.0 = Debug|Any CPU
		{4C30FAA0-8468-4860-82C2-FD317A5122BD}.Release|Any CPU.ActiveCfg = Release|Any CPU
		{4C30FAA0-8468-4860-82C2-FD317A5122BD}.Release|Any CPU.Build.0 = Release|Any CPU
	EndGlobalSection
	GlobalSection(SolutionProperties) = preSolution
		HideSolutionNode = FALSE
	EndGlobalSection
	GlobalSection(ExtensibilityGlobals) = postSolution
		SolutionGuid = {096F9282-358F-4A05-B7DF-56A378EECE99}
	EndGlobalSection
EndGlobal
