
Microsoft Visual Studio Solution File, Format Version 12.00
# Visual Studio Version 17
VisualStudioVersion = 17.2.32630.192
MinimumVisualStudioVersion = 10.0.40219.1
Project("{FAE04EC0-301F-11D3-BF4B-00C04F79EFBC}") = "Nullable", "Nullable\Nullable.csproj", "{9DEDE793-EAA4-4A7F-9D24-1E65F2A9AC88}"
EndProject
Global
	GlobalSection(SolutionConfigurationPlatforms) = preSolution
		Debug|Any CPU = Debug|Any CPU
		Release|Any CPU = Release|Any CPU
	EndGlobalSection
	GlobalSection(ProjectConfigurationPlatforms) = postSolution
		{9DEDE793-EAA4-4A7F-9D24-1E65F2A9AC88}.Debug|Any CPU.ActiveCfg = Debug|Any CPU
		{9DEDE793-EAA4-4A7F-9D24-1E65F2A9AC88}.Debug|Any CPU.Build.0 = Debug|Any CPU
		{9DEDE793-EAA4-4A7F-9D24-1E65F2A9AC88}.Release|Any CPU.ActiveCfg = Release|Any CPU
		{9DEDE793-EAA4-4A7F-9D24-1E65F2A9AC88}.Release|Any CPU.Build.0 = Release|Any CPU
	EndGlobalSection
	GlobalSection(SolutionProperties) = preSolution
		HideSolutionNode = FALSE
	EndGlobalSection
	GlobalSection(ExtensibilityGlobals) = postSolution
		SolutionGuid = {E314F6F6-9B74-438B-B252-B7E1D13AD42F}
	EndGlobalSection
EndGlobal
