
Microsoft Visual Studio Solution File, Format Version 12.00
# Visual Studio Version 17
VisualStudioVersion = 17.2.32630.192
MinimumVisualStudioVersion = 10.0.40219.1
Project("{FAE04EC0-301F-11D3-BF4B-00C04F79EFBC}") = "Decimal", "Decimal\Decimal.csproj", "{6BB0DA3B-F1C2-4A4B-95C4-7EB90604F22C}"
EndProject
Global
	GlobalSection(SolutionConfigurationPlatforms) = preSolution
		Debug|Any CPU = Debug|Any CPU
		Release|Any CPU = Release|Any CPU
	EndGlobalSection
	GlobalSection(ProjectConfigurationPlatforms) = postSolution
		{6BB0DA3B-F1C2-4A4B-95C4-7EB90604F22C}.Debug|Any CPU.ActiveCfg = Debug|Any CPU
		{6BB0DA3B-F1C2-4A4B-95C4-7EB90604F22C}.Debug|Any CPU.Build.0 = Debug|Any CPU
		{6BB0DA3B-F1C2-4A4B-95C4-7EB90604F22C}.Release|Any CPU.ActiveCfg = Release|Any CPU
		{6BB0DA3B-F1C2-4A4B-95C4-7EB90604F22C}.Release|Any CPU.Build.0 = Release|Any CPU
	EndGlobalSection
	GlobalSection(SolutionProperties) = preSolution
		HideSolutionNode = FALSE
	EndGlobalSection
	GlobalSection(ExtensibilityGlobals) = postSolution
		SolutionGuid = {32DF1D58-E244-4666-91BF-0F3C85248FB7}
	EndGlobalSection
EndGlobal
