
Microsoft Visual Studio Solution File, Format Version 12.00
# Visual Studio Version 17
VisualStudioVersion = 17.2.32630.192
MinimumVisualStudioVersion = 10.0.40219.1
Project("{FAE04EC0-301F-11D3-BF4B-00C04F79EFBC}") = "LastTest01", "LastTest01\LastTest01.csproj", "{88F95FE3-A32B-4755-A6C9-A9109A140FE7}"
EndProject
Global
	GlobalSection(SolutionConfigurationPlatforms) = preSolution
		Debug|Any CPU = Debug|Any CPU
		Release|Any CPU = Release|Any CPU
	EndGlobalSection
	GlobalSection(ProjectConfigurationPlatforms) = postSolution
		{88F95FE3-A32B-4755-A6C9-A9109A140FE7}.Debug|Any CPU.ActiveCfg = Debug|Any CPU
		{88F95FE3-A32B-4755-A6C9-A9109A140FE7}.Debug|Any CPU.Build.0 = Debug|Any CPU
		{88F95FE3-A32B-4755-A6C9-A9109A140FE7}.Release|Any CPU.ActiveCfg = Release|Any CPU
		{88F95FE3-A32B-4755-A6C9-A9109A140FE7}.Release|Any CPU.Build.0 = Release|Any CPU
	EndGlobalSection
	GlobalSection(SolutionProperties) = preSolution
		HideSolutionNode = FALSE
	EndGlobalSection
	GlobalSection(ExtensibilityGlobals) = postSolution
		SolutionGuid = {D8C05365-A3E9-463D-87C6-EBCBA3F9D42D}
	EndGlobalSection
EndGlobal
