
Microsoft Visual Studio Solution File, Format Version 12.00
# Visual Studio Version 17
VisualStudioVersion = 17.2.32630.192
MinimumVisualStudioVersion = 10.0.40219.1
Project("{FAE04EC0-301F-11D3-BF4B-00C04F79EFBC}") = "Enum3", "Enum3\Enum3.csproj", "{1C6DB654-90D8-4FCB-BB05-6599A1653170}"
EndProject
Global
	GlobalSection(SolutionConfigurationPlatforms) = preSolution
		Debug|Any CPU = Debug|Any CPU
		Release|Any CPU = Release|Any CPU
	EndGlobalSection
	GlobalSection(ProjectConfigurationPlatforms) = postSolution
		{1C6DB654-90D8-4FCB-BB05-6599A1653170}.Debug|Any CPU.ActiveCfg = Debug|Any CPU
		{1C6DB654-90D8-4FCB-BB05-6599A1653170}.Debug|Any CPU.Build.0 = Debug|Any CPU
		{1C6DB654-90D8-4FCB-BB05-6599A1653170}.Release|Any CPU.ActiveCfg = Release|Any CPU
		{1C6DB654-90D8-4FCB-BB05-6599A1653170}.Release|Any CPU.Build.0 = Release|Any CPU
	EndGlobalSection
	GlobalSection(SolutionProperties) = preSolution
		HideSolutionNode = FALSE
	EndGlobalSection
	GlobalSection(ExtensibilityGlobals) = postSolution
		SolutionGuid = {3A7173A8-2ECD-4B86-9DDF-9D0DF4AE06CB}
	EndGlobalSection
EndGlobal
