
Microsoft Visual Studio Solution File, Format Version 12.00
# Visual Studio Version 17
VisualStudioVersion = 17.2.32630.192
MinimumVisualStudioVersion = 10.0.40219.1
Project("{FAE04EC0-301F-11D3-BF4B-00C04F79EFBC}") = "For", "For\For.csproj", "{A89D6A94-8556-4E1B-B9DA-9E32687617E3}"
EndProject
Global
	GlobalSection(SolutionConfigurationPlatforms) = preSolution
		Debug|Any CPU = Debug|Any CPU
		Release|Any CPU = Release|Any CPU
	EndGlobalSection
	GlobalSection(ProjectConfigurationPlatforms) = postSolution
		{A89D6A94-8556-4E1B-B9DA-9E32687617E3}.Debug|Any CPU.ActiveCfg = Debug|Any CPU
		{A89D6A94-8556-4E1B-B9DA-9E32687617E3}.Debug|Any CPU.Build.0 = Debug|Any CPU
		{A89D6A94-8556-4E1B-B9DA-9E32687617E3}.Release|Any CPU.ActiveCfg = Release|Any CPU
		{A89D6A94-8556-4E1B-B9DA-9E32687617E3}.Release|Any CPU.Build.0 = Release|Any CPU
	EndGlobalSection
	GlobalSection(SolutionProperties) = preSolution
		HideSolutionNode = FALSE
	EndGlobalSection
	GlobalSection(ExtensibilityGlobals) = postSolution
		SolutionGuid = {C7DABC77-8936-4608-946A-A1B97819BDC6}
	EndGlobalSection
EndGlobal
