
Microsoft Visual Studio Solution File, Format Version 12.00
# Visual Studio Version 17
VisualStudioVersion = 17.2.32630.192
MinimumVisualStudioVersion = 10.0.40219.1
Project("{FAE04EC0-301F-11D3-BF4B-00C04F79EFBC}") = "Bool", "Bool\Bool.csproj", "{0A92E374-78E0-445F-965E-5D966C020090}"
EndProject
Global
	GlobalSection(SolutionConfigurationPlatforms) = preSolution
		Debug|Any CPU = Debug|Any CPU
		Release|Any CPU = Release|Any CPU
	EndGlobalSection
	GlobalSection(ProjectConfigurationPlatforms) = postSolution
		{0A92E374-78E0-445F-965E-5D966C020090}.Debug|Any CPU.ActiveCfg = Debug|Any CPU
		{0A92E374-78E0-445F-965E-5D966C020090}.Debug|Any CPU.Build.0 = Debug|Any CPU
		{0A92E374-78E0-445F-965E-5D966C020090}.Release|Any CPU.ActiveCfg = Release|Any CPU
		{0A92E374-78E0-445F-965E-5D966C020090}.Release|Any CPU.Build.0 = Release|Any CPU
	EndGlobalSection
	GlobalSection(SolutionProperties) = preSolution
		HideSolutionNode = FALSE
	EndGlobalSection
	GlobalSection(ExtensibilityGlobals) = postSolution
		SolutionGuid = {1629A653-55F5-4769-8DEB-7CC8369B36B6}
	EndGlobalSection
EndGlobal
