
Microsoft Visual Studio Solution File, Format Version 12.00
# Visual Studio Version 17
VisualStudioVersion = 17.2.32630.192
MinimumVisualStudioVersion = 10.0.40219.1
Project("{FAE04EC0-301F-11D3-BF4B-00C04F79EFBC}") = "StringFormatNumber", "StringFormatNumber\StringFormatNumber.csproj", "{68DB4A15-021D-405D-A9C3-AE357ABB5D61}"
EndProject
Global
	GlobalSection(SolutionConfigurationPlatforms) = preSolution
		Debug|Any CPU = Debug|Any CPU
		Release|Any CPU = Release|Any CPU
	EndGlobalSection
	GlobalSection(ProjectConfigurationPlatforms) = postSolution
		{68DB4A15-021D-405D-A9C3-AE357ABB5D61}.Debug|Any CPU.ActiveCfg = Debug|Any CPU
		{68DB4A15-021D-405D-A9C3-AE357ABB5D61}.Debug|Any CPU.Build.0 = Debug|Any CPU
		{68DB4A15-021D-405D-A9C3-AE357ABB5D61}.Release|Any CPU.ActiveCfg = Release|Any CPU
		{68DB4A15-021D-405D-A9C3-AE357ABB5D61}.Release|Any CPU.Build.0 = Release|Any CPU
	EndGlobalSection
	GlobalSection(SolutionProperties) = preSolution
		HideSolutionNode = FALSE
	EndGlobalSection
	GlobalSection(ExtensibilityGlobals) = postSolution
		SolutionGuid = {AE5A7880-CC1D-4BDB-9AF0-40A98986221B}
	EndGlobalSection
EndGlobal
