
Microsoft Visual Studio Solution File, Format Version 12.00
# Visual Studio Version 17
VisualStudioVersion = 17.2.32630.192
MinimumVisualStudioVersion = 10.0.40219.1
Project("{FAE04EC0-301F-11D3-BF4B-00C04F79EFBC}") = "Test01", "Test01\Test01.csproj", "{DDCCFBD0-B9FF-49C3-9C40-748DD0F49649}"
EndProject
Global
	GlobalSection(SolutionConfigurationPlatforms) = preSolution
		Debug|Any CPU = Debug|Any CPU
		Release|Any CPU = Release|Any CPU
	EndGlobalSection
	GlobalSection(ProjectConfigurationPlatforms) = postSolution
		{DDCCFBD0-B9FF-49C3-9C40-748DD0F49649}.Debug|Any CPU.ActiveCfg = Debug|Any CPU
		{DDCCFBD0-B9FF-49C3-9C40-748DD0F49649}.Debug|Any CPU.Build.0 = Debug|Any CPU
		{DDCCFBD0-B9FF-49C3-9C40-748DD0F49649}.Release|Any CPU.ActiveCfg = Release|Any CPU
		{DDCCFBD0-B9FF-49C3-9C40-748DD0F49649}.Release|Any CPU.Build.0 = Release|Any CPU
	EndGlobalSection
	GlobalSection(SolutionProperties) = preSolution
		HideSolutionNode = FALSE
	EndGlobalSection
	GlobalSection(ExtensibilityGlobals) = postSolution
		SolutionGuid = {0582022C-BC5A-47CA-9A57-97F8BC6BB077}
	EndGlobalSection
EndGlobal
