
Microsoft Visual Studio Solution File, Format Version 12.00
# Visual Studio Version 17
VisualStudioVersion = 17.2.32630.192
MinimumVisualStudioVersion = 10.0.40219.1
Project("{FAE04EC0-301F-11D3-BF4B-00C04F79EFBC}") = "Overflow", "Overflow\Overflow.csproj", "{E9D58467-0524-4011-B536-F3158F6C3AF8}"
EndProject
Global
	GlobalSection(SolutionConfigurationPlatforms) = preSolution
		Debug|Any CPU = Debug|Any CPU
		Release|Any CPU = Release|Any CPU
	EndGlobalSection
	GlobalSection(ProjectConfigurationPlatforms) = postSolution
		{E9D58467-0524-4011-B536-F3158F6C3AF8}.Debug|Any CPU.ActiveCfg = Debug|Any CPU
		{E9D58467-0524-4011-B536-F3158F6C3AF8}.Debug|Any CPU.Build.0 = Debug|Any CPU
		{E9D58467-0524-4011-B536-F3158F6C3AF8}.Release|Any CPU.ActiveCfg = Release|Any CPU
		{E9D58467-0524-4011-B536-F3158F6C3AF8}.Release|Any CPU.Build.0 = Release|Any CPU
	EndGlobalSection
	GlobalSection(SolutionProperties) = preSolution
		HideSolutionNode = FALSE
	EndGlobalSection
	GlobalSection(ExtensibilityGlobals) = postSolution
		SolutionGuid = {24A9D134-0B8F-44E5-8084-94ECEDCD6ECD}
	EndGlobalSection
EndGlobal
