
Microsoft Visual Studio Solution File, Format Version 12.00
# Visual Studio Version 17
VisualStudioVersion = 17.2.32630.192
MinimumVisualStudioVersion = 10.0.40219.1
Project("{FAE04EC0-301F-11D3-BF4B-00C04F79EFBC}") = "Ex02", "Ex02\Ex02.csproj", "{087900F0-F523-4519-91BD-7D87190D9E43}"
EndProject
Global
	GlobalSection(SolutionConfigurationPlatforms) = preSolution
		Debug|Any CPU = Debug|Any CPU
		Release|Any CPU = Release|Any CPU
	EndGlobalSection
	GlobalSection(ProjectConfigurationPlatforms) = postSolution
		{087900F0-F523-4519-91BD-7D87190D9E43}.Debug|Any CPU.ActiveCfg = Debug|Any CPU
		{087900F0-F523-4519-91BD-7D87190D9E43}.Debug|Any CPU.Build.0 = Debug|Any CPU
		{087900F0-F523-4519-91BD-7D87190D9E43}.Release|Any CPU.ActiveCfg = Release|Any CPU
		{087900F0-F523-4519-91BD-7D87190D9E43}.Release|Any CPU.Build.0 = Release|Any CPU
	EndGlobalSection
	GlobalSection(SolutionProperties) = preSolution
		HideSolutionNode = FALSE
	EndGlobalSection
	GlobalSection(ExtensibilityGlobals) = postSolution
		SolutionGuid = {49190D88-7339-4C9F-9B70-D68C6C11EC48}
	EndGlobalSection
EndGlobal
