
Microsoft Visual Studio Solution File, Format Version 12.00
# Visual Studio Version 17
VisualStudioVersion = 17.2.32630.192
MinimumVisualStudioVersion = 10.0.40219.1
Project("{FAE04EC0-301F-11D3-BF4B-00C04F79EFBC}") = "SwitchExp", "SwitchExp\SwitchExp.csproj", "{5F1396DC-3C66-4AC5-A9A2-1FB2819BAED4}"
EndProject
Global
	GlobalSection(SolutionConfigurationPlatforms) = preSolution
		Debug|Any CPU = Debug|Any CPU
		Release|Any CPU = Release|Any CPU
	EndGlobalSection
	GlobalSection(ProjectConfigurationPlatforms) = postSolution
		{5F1396DC-3C66-4AC5-A9A2-1FB2819BAED4}.Debug|Any CPU.ActiveCfg = Debug|Any CPU
		{5F1396DC-3C66-4AC5-A9A2-1FB2819BAED4}.Debug|Any CPU.Build.0 = Debug|Any CPU
		{5F1396DC-3C66-4AC5-A9A2-1FB2819BAED4}.Release|Any CPU.ActiveCfg = Release|Any CPU
		{5F1396DC-3C66-4AC5-A9A2-1FB2819BAED4}.Release|Any CPU.Build.0 = Release|Any CPU
	EndGlobalSection
	GlobalSection(SolutionProperties) = preSolution
		HideSolutionNode = FALSE
	EndGlobalSection
	GlobalSection(ExtensibilityGlobals) = postSolution
		SolutionGuid = {EF305B4D-D080-4169-8A0B-19B9BA7DEDCB}
	EndGlobalSection
EndGlobal
