
Microsoft Visual Studio Solution File, Format Version 12.00
# Visual Studio Version 17
VisualStudioVersion = 17.2.32630.192
MinimumVisualStudioVersion = 10.0.40219.1
Project("{FAE04EC0-301F-11D3-BF4B-00C04F79EFBC}") = "test4", "test4\test4.csproj", "{81B964B8-DCAC-4A8A-A95D-B10993FDF468}"
EndProject
Global
	GlobalSection(SolutionConfigurationPlatforms) = preSolution
		Debug|Any CPU = Debug|Any CPU
		Release|Any CPU = Release|Any CPU
	EndGlobalSection
	GlobalSection(ProjectConfigurationPlatforms) = postSolution
		{81B964B8-DCAC-4A8A-A95D-B10993FDF468}.Debug|Any CPU.ActiveCfg = Debug|Any CPU
		{81B964B8-DCAC-4A8A-A95D-B10993FDF468}.Debug|Any CPU.Build.0 = Debug|Any CPU
		{81B964B8-DCAC-4A8A-A95D-B10993FDF468}.Release|Any CPU.ActiveCfg = Release|Any CPU
		{81B964B8-DCAC-4A8A-A95D-B10993FDF468}.Release|Any CPU.Build.0 = Release|Any CPU
	EndGlobalSection
	GlobalSection(SolutionProperties) = preSolution
		HideSolutionNode = FALSE
	EndGlobalSection
	GlobalSection(ExtensibilityGlobals) = postSolution
		SolutionGuid = {202843A3-5CD1-4EF9-96BB-7FE40219A982}
	EndGlobalSection
EndGlobal
