
Microsoft Visual Studio Solution File, Format Version 12.00
# Visual Studio Version 17
VisualStudioVersion = 17.2.32630.192
MinimumVisualStudioVersion = 10.0.40219.1
Project("{FAE04EC0-301F-11D3-BF4B-00C04F79EFBC}") = "StringInterpolation", "StringInterpolation\StringInterpolation.csproj", "{AA614701-5828-47F1-B0B7-11BC36E93299}"
EndProject
Global
	GlobalSection(SolutionConfigurationPlatforms) = preSolution
		Debug|Any CPU = Debug|Any CPU
		Release|Any CPU = Release|Any CPU
	EndGlobalSection
	GlobalSection(ProjectConfigurationPlatforms) = postSolution
		{AA614701-5828-47F1-B0B7-11BC36E93299}.Debug|Any CPU.ActiveCfg = Debug|Any CPU
		{AA614701-5828-47F1-B0B7-11BC36E93299}.Debug|Any CPU.Build.0 = Debug|Any CPU
		{AA614701-5828-47F1-B0B7-11BC36E93299}.Release|Any CPU.ActiveCfg = Release|Any CPU
		{AA614701-5828-47F1-B0B7-11BC36E93299}.Release|Any CPU.Build.0 = Release|Any CPU
	EndGlobalSection
	GlobalSection(SolutionProperties) = preSolution
		HideSolutionNode = FALSE
	EndGlobalSection
	GlobalSection(ExtensibilityGlobals) = postSolution
		SolutionGuid = {4029A850-C1B8-4C06-A774-0BA583CB17DB}
	EndGlobalSection
EndGlobal
