
Microsoft Visual Studio Solution File, Format Version 12.00
# Visual Studio Version 17
VisualStudioVersion = 17.2.32630.192
MinimumVisualStudioVersion = 10.0.40219.1
Project("{FAE04EC0-301F-11D3-BF4B-00C04F79EFBC}") = "RelationalOperator", "RelationalOperator\RelationalOperator.csproj", "{B25B72D3-4D03-415E-A051-0E223A3C16E3}"
EndProject
Global
	GlobalSection(SolutionConfigurationPlatforms) = preSolution
		Debug|Any CPU = Debug|Any CPU
		Release|Any CPU = Release|Any CPU
	EndGlobalSection
	GlobalSection(ProjectConfigurationPlatforms) = postSolution
		{B25B72D3-4D03-415E-A051-0E223A3C16E3}.Debug|Any CPU.ActiveCfg = Debug|Any CPU
		{B25B72D3-4D03-415E-A051-0E223A3C16E3}.Debug|Any CPU.Build.0 = Debug|Any CPU
		{B25B72D3-4D03-415E-A051-0E223A3C16E3}.Release|Any CPU.ActiveCfg = Release|Any CPU
		{B25B72D3-4D03-415E-A051-0E223A3C16E3}.Release|Any CPU.Build.0 = Release|Any CPU
	EndGlobalSection
	GlobalSection(SolutionProperties) = preSolution
		HideSolutionNode = FALSE
	EndGlobalSection
	GlobalSection(ExtensibilityGlobals) = postSolution
		SolutionGuid = {62DAE3DC-BFB5-4686-AD3F-6DDBC7FBA064}
	EndGlobalSection
EndGlobal
